
Microsoft Visual Studio Solution File, Format Version 12.00
# Visual Studio Version 17
VisualStudioVersion = 17.8.34525.116
MinimumVisualStudioVersion = 10.0.40219.1
Project("{FAE04EC0-301F-11D3-BF4B-00C04F79EFBC}") = "Lab6OOP", "Lab6OOP.csproj", "{05515CE1-9C2D-4C6D-9284-71D748E1E62F}"
EndProject
Global
	GlobalSection(SolutionConfigurationPlatforms) = preSolution
		Debug|Any CPU = Debug|Any CPU
		Release|Any CPU = Release|Any CPU
	EndGlobalSection
	GlobalSection(ProjectConfigurationPlatforms) = postSolution
		{05515CE1-9C2D-4C6D-9284-71D748E1E62F}.Debug|Any CPU.ActiveCfg = Debug|Any CPU
		{05515CE1-9C2D-4C6D-9284-71D748E1E62F}.Debug|Any CPU.Build.0 = Debug|Any CPU
		{05515CE1-9C2D-4C6D-9284-71D748E1E62F}.Release|Any CPU.ActiveCfg = Release|Any CPU
		{05515CE1-9C2D-4C6D-9284-71D748E1E62F}.Release|Any CPU.Build.0 = Release|Any CPU
	EndGlobalSection
	GlobalSection(SolutionProperties) = preSolution
		HideSolutionNode = FALSE
	EndGlobalSection
	GlobalSection(ExtensibilityGlobals) = postSolution
		SolutionGuid = {4C7C0B5B-29F6-447B-884C-83E29B256431}
	EndGlobalSection
EndGlobal
